// !$*UTF8*$!
{
	archiveVersion = 1;
	classes = {
	};
	objectVersion = 46;
	objects = {

/* Begin PBXBuildFile section */
		DA03B8351CF5418800BA8F7C /* UIColor+String.m in Sources */ = {isa = PBXBuildFile; fileRef = DA03B8341CF5418800BA8F7C /* UIColor+String.m */; };
		DA0856BB1CD2FE0000070D6B /* BlocSpot+CoreDataProperties.m in Sources */ = {isa = PBXBuildFile; fileRef = DA0856B61CD2FE0000070D6B /* BlocSpot+CoreDataProperties.m */; };
		DA0856BC1CD2FE0000070D6B /* POICategory+CoreDataProperties.m in Sources */ = {isa = PBXBuildFile; fileRef = DA0856B81CD2FE0000070D6B /* POICategory+CoreDataProperties.m */; };
		DA0856BD1CD2FE0000070D6B /* POICategory.m in Sources */ = {isa = PBXBuildFile; fileRef = DA0856BA1CD2FE0000070D6B /* POICategory.m */; };
		DA0E3C2B1CDE81050089CDE4 /* CategoryViewController.m in Sources */ = {isa = PBXBuildFile; fileRef = DA0E3C2A1CDE81050089CDE4 /* CategoryViewController.m */; };
		DA0E3C2E1CDE85480089CDE4 /* CategoryTableViewCell.m in Sources */ = {isa = PBXBuildFile; fileRef = DA0E3C2D1CDE85480089CDE4 /* CategoryTableViewCell.m */; };
		DA253B321CA6E3E000080B87 /* LocationTableViewController.xib in Resources */ = {isa = PBXBuildFile; fileRef = DA253B301CA6E3E000080B87 /* LocationTableViewController.xib */; };
		DA4345571CC0853F00DDA8DE /* PoiDetailController.m in Sources */ = {isa = PBXBuildFile; fileRef = DA4345561CC0853F00DDA8DE /* PoiDetailController.m */; };
		DA43455A1CC2FEAF00DDA8DE /* NavigationController.m in Sources */ = {isa = PBXBuildFile; fileRef = DA4345591CC2FEAF00DDA8DE /* NavigationController.m */; };
		DA43455D1CC3004300DDA8DE /* SavedLocationsTableViewController.m in Sources */ = {isa = PBXBuildFile; fileRef = DA43455C1CC3004300DDA8DE /* SavedLocationsTableViewController.m */; };
		DA4345601CC3041E00DDA8DE /* SavedLocationsTableViewCell.m in Sources */ = {isa = PBXBuildFile; fileRef = DA43455F1CC3041E00DDA8DE /* SavedLocationsTableViewCell.m */; };
		DA4345631CC412F800DDA8DE /* TWCoreDataStack.m in Sources */ = {isa = PBXBuildFile; fileRef = DA4345621CC412F800DDA8DE /* TWCoreDataStack.m */; };
		DA4345651CC415EC00DDA8DE /* CoreData.framework in Frameworks */ = {isa = PBXBuildFile; fileRef = DA4345641CC415EC00DDA8DE /* CoreData.framework */; };
		DA86637F1CA4BBE000E19209 /* MapViewController.m in Sources */ = {isa = PBXBuildFile; fileRef = DA86637E1CA4BBE000E19209 /* MapViewController.m */; };
		DA9D4BC21CA0D79700B33688 /* MapSearch.m in Sources */ = {isa = PBXBuildFile; fileRef = DA9D4BC11CA0D79700B33688 /* MapSearch.m */; };
		DAA301CE1CB34E8D002713D7 /* ListOfSearchResultsController.m in Sources */ = {isa = PBXBuildFile; fileRef = DAA301CD1CB34E8D002713D7 /* ListOfSearchResultsController.m */; };
		DAA301D11CB35312002713D7 /* SearchResultsTableViewCell.m in Sources */ = {isa = PBXBuildFile; fileRef = DAA301D01CB35312002713D7 /* SearchResultsTableViewCell.m */; };
		DABC14271CCEA31E0076F8FE /* PersistenceApp.xcdatamodeld in Sources */ = {isa = PBXBuildFile; fileRef = DABC14251CCEA31E0076F8FE /* PersistenceApp.xcdatamodeld */; };
		DABC142D1CCEAB160076F8FE /* BlocSpot.m in Sources */ = {isa = PBXBuildFile; fileRef = DABC142B1CCEAB160076F8FE /* BlocSpot.m */; };
		DABC14301CD037420076F8FE /* CloudKit.framework in Frameworks */ = {isa = PBXBuildFile; fileRef = DABC142F1CD037420076F8FE /* CloudKit.framework */; };
		DAE8E8D01C9A2E8500DD34F2 /* main.m in Sources */ = {isa = PBXBuildFile; fileRef = DAE8E8CF1C9A2E8500DD34F2 /* main.m */; };
		DAE8E8D31C9A2E8500DD34F2 /* AppDelegate.m in Sources */ = {isa = PBXBuildFile; fileRef = DAE8E8D21C9A2E8500DD34F2 /* AppDelegate.m */; };
		DAE8E8D91C9A2E8500DD34F2 /* Main.storyboard in Resources */ = {isa = PBXBuildFile; fileRef = DAE8E8D71C9A2E8500DD34F2 /* Main.storyboard */; };
		DAE8E8DB1C9A2E8500DD34F2 /* Assets.xcassets in Resources */ = {isa = PBXBuildFile; fileRef = DAE8E8DA1C9A2E8500DD34F2 /* Assets.xcassets */; };
		DAE8E8DE1C9A2E8500DD34F2 /* LaunchScreen.storyboard in Resources */ = {isa = PBXBuildFile; fileRef = DAE8E8DC1C9A2E8500DD34F2 /* LaunchScreen.storyboard */; };
		DAE8E8E91C9A2E8500DD34F2 /* BlocSpotTests.m in Sources */ = {isa = PBXBuildFile; fileRef = DAE8E8E81C9A2E8500DD34F2 /* BlocSpotTests.m */; };
		DAE8E8F41C9A313900DD34F2 /* MapKit.framework in Frameworks */ = {isa = PBXBuildFile; fileRef = DAE8E8F31C9A313900DD34F2 /* MapKit.framework */; };
/* End PBXBuildFile section */

/* Begin PBXContainerItemProxy section */
		DAE8E8E51C9A2E8500DD34F2 /* PBXContainerItemProxy */ = {
			isa = PBXContainerItemProxy;
			containerPortal = DAE8E8C31C9A2E8400DD34F2 /* Project object */;
			proxyType = 1;
			remoteGlobalIDString = DAE8E8CA1C9A2E8500DD34F2;
			remoteInfo = BlocSpot;
		};
/* End PBXContainerItemProxy section */

/* Begin PBXFileReference section */
		DA03B8331CF5418800BA8F7C /* UIColor+String.h */ = {isa = PBXFileReference; fileEncoding = 4; lastKnownFileType = sourcecode.c.h; name = "UIColor+String.h"; path = "../UIColor+String.h"; sourceTree = "<group>"; };
		DA03B8341CF5418800BA8F7C /* UIColor+String.m */ = {isa = PBXFileReference; fileEncoding = 4; lastKnownFileType = sourcecode.c.objc; name = "UIColor+String.m"; path = "../UIColor+String.m"; sourceTree = "<group>"; };
		DA0856B51CD2FE0000070D6B /* BlocSpot+CoreDataProperties.h */ = {isa = PBXFileReference; fileEncoding = 4; lastKnownFileType = sourcecode.c.h; path = "BlocSpot+CoreDataProperties.h"; sourceTree = SOURCE_ROOT; };
		DA0856B61CD2FE0000070D6B /* BlocSpot+CoreDataProperties.m */ = {isa = PBXFileReference; fileEncoding = 4; lastKnownFileType = sourcecode.c.objc; path = "BlocSpot+CoreDataProperties.m"; sourceTree = SOURCE_ROOT; };
		DA0856B71CD2FE0000070D6B /* POICategory+CoreDataProperties.h */ = {isa = PBXFileReference; fileEncoding = 4; lastKnownFileType = sourcecode.c.h; name = "POICategory+CoreDataProperties.h"; path = "../POICategory+CoreDataProperties.h"; sourceTree = "<group>"; };
		DA0856B81CD2FE0000070D6B /* POICategory+CoreDataProperties.m */ = {isa = PBXFileReference; fileEncoding = 4; lastKnownFileType = sourcecode.c.objc; name = "POICategory+CoreDataProperties.m"; path = "../POICategory+CoreDataProperties.m"; sourceTree = "<group>"; };
		DA0856B91CD2FE0000070D6B /* POICategory.h */ = {isa = PBXFileReference; fileEncoding = 4; lastKnownFileType = sourcecode.c.h; name = POICategory.h; path = ../POICategory.h; sourceTree = "<group>"; };
		DA0856BA1CD2FE0000070D6B /* POICategory.m */ = {isa = PBXFileReference; fileEncoding = 4; lastKnownFileType = sourcecode.c.objc; name = POICategory.m; path = ../POICategory.m; sourceTree = "<group>"; };
		DA0E3C291CDE81050089CDE4 /* CategoryViewController.h */ = {isa = PBXFileReference; fileEncoding = 4; lastKnownFileType = sourcecode.c.h; name = CategoryViewController.h; path = ../CategoryViewController.h; sourceTree = "<group>"; };
		DA0E3C2A1CDE81050089CDE4 /* CategoryViewController.m */ = {isa = PBXFileReference; fileEncoding = 4; lastKnownFileType = sourcecode.c.objc; name = CategoryViewController.m; path = ../CategoryViewController.m; sourceTree = "<group>"; };
		DA0E3C2C1CDE85480089CDE4 /* CategoryTableViewCell.h */ = {isa = PBXFileReference; fileEncoding = 4; lastKnownFileType = sourcecode.c.h; name = CategoryTableViewCell.h; path = ../CategoryTableViewCell.h; sourceTree = "<group>"; };
		DA0E3C2D1CDE85480089CDE4 /* CategoryTableViewCell.m */ = {isa = PBXFileReference; fileEncoding = 4; lastKnownFileType = sourcecode.c.objc; name = CategoryTableViewCell.m; path = ../CategoryTableViewCell.m; sourceTree = "<group>"; };
		DA253B301CA6E3E000080B87 /* LocationTableViewController.xib */ = {isa = PBXFileReference; fileEncoding = 4; lastKnownFileType = file.xib; path = LocationTableViewController.xib; sourceTree = "<group>"; };
		DA4345551CC0853F00DDA8DE /* PoiDetailController.h */ = {isa = PBXFileReference; fileEncoding = 4; lastKnownFileType = sourcecode.c.h; path = PoiDetailController.h; sourceTree = "<group>"; };
		DA4345561CC0853F00DDA8DE /* PoiDetailController.m */ = {isa = PBXFileReference; fileEncoding = 4; lastKnownFileType = sourcecode.c.objc; path = PoiDetailController.m; sourceTree = "<group>"; };
		DA4345581CC2FEAF00DDA8DE /* NavigationController.h */ = {isa = PBXFileReference; fileEncoding = 4; lastKnownFileType = sourcecode.c.h; path = NavigationController.h; sourceTree = "<group>"; };
		DA4345591CC2FEAF00DDA8DE /* NavigationController.m */ = {isa = PBXFileReference; fileEncoding = 4; lastKnownFileType = sourcecode.c.objc; path = NavigationController.m; sourceTree = "<group>"; };
		DA43455B1CC3004300DDA8DE /* SavedLocationsTableViewController.h */ = {isa = PBXFileReference; fileEncoding = 4; lastKnownFileType = sourcecode.c.h; path = SavedLocationsTableViewController.h; sourceTree = "<group>"; };
		DA43455C1CC3004300DDA8DE /* SavedLocationsTableViewController.m */ = {isa = PBXFileReference; fileEncoding = 4; lastKnownFileType = sourcecode.c.objc; path = SavedLocationsTableViewController.m; sourceTree = "<group>"; };
		DA43455E1CC3041E00DDA8DE /* SavedLocationsTableViewCell.h */ = {isa = PBXFileReference; fileEncoding = 4; lastKnownFileType = sourcecode.c.h; path = SavedLocationsTableViewCell.h; sourceTree = "<group>"; };
		DA43455F1CC3041E00DDA8DE /* SavedLocationsTableViewCell.m */ = {isa = PBXFileReference; fileEncoding = 4; lastKnownFileType = sourcecode.c.objc; path = SavedLocationsTableViewCell.m; sourceTree = "<group>"; };
		DA4345611CC412F800DDA8DE /* TWCoreDataStack.h */ = {isa = PBXFileReference; fileEncoding = 4; lastKnownFileType = sourcecode.c.h; path = TWCoreDataStack.h; sourceTree = "<group>"; };
		DA4345621CC412F800DDA8DE /* TWCoreDataStack.m */ = {isa = PBXFileReference; fileEncoding = 4; lastKnownFileType = sourcecode.c.objc; path = TWCoreDataStack.m; sourceTree = "<group>"; };
		DA4345641CC415EC00DDA8DE /* CoreData.framework */ = {isa = PBXFileReference; lastKnownFileType = wrapper.framework; name = CoreData.framework; path = System/Library/Frameworks/CoreData.framework; sourceTree = SDKROOT; };
		DA86637D1CA4BBE000E19209 /* MapViewController.h */ = {isa = PBXFileReference; fileEncoding = 4; lastKnownFileType = sourcecode.c.h; path = MapViewController.h; sourceTree = "<group>"; };
		DA86637E1CA4BBE000E19209 /* MapViewController.m */ = {isa = PBXFileReference; fileEncoding = 4; lastKnownFileType = sourcecode.c.objc; path = MapViewController.m; sourceTree = "<group>"; };
		DA9D4BC01CA0D79700B33688 /* MapSearch.h */ = {isa = PBXFileReference; fileEncoding = 4; lastKnownFileType = sourcecode.c.h; name = MapSearch.h; path = ../MapSearch.h; sourceTree = "<group>"; };
		DA9D4BC11CA0D79700B33688 /* MapSearch.m */ = {isa = PBXFileReference; fileEncoding = 4; lastKnownFileType = sourcecode.c.objc; name = MapSearch.m; path = ../MapSearch.m; sourceTree = "<group>"; };
		DAA301CC1CB34E8D002713D7 /* ListOfSearchResultsController.h */ = {isa = PBXFileReference; fileEncoding = 4; lastKnownFileType = sourcecode.c.h; path = ListOfSearchResultsController.h; sourceTree = "<group>"; };
		DAA301CD1CB34E8D002713D7 /* ListOfSearchResultsController.m */ = {isa = PBXFileReference; fileEncoding = 4; lastKnownFileType = sourcecode.c.objc; path = ListOfSearchResultsController.m; sourceTree = "<group>"; };
		DAA301CF1CB35312002713D7 /* SearchResultsTableViewCell.h */ = {isa = PBXFileReference; fileEncoding = 4; lastKnownFileType = sourcecode.c.h; path = SearchResultsTableViewCell.h; sourceTree = "<group>"; };
		DAA301D01CB35312002713D7 /* SearchResultsTableViewCell.m */ = {isa = PBXFileReference; fileEncoding = 4; lastKnownFileType = sourcecode.c.objc; path = SearchResultsTableViewCell.m; sourceTree = "<group>"; };
		DABC14261CCEA31E0076F8FE /* PersistenceApp.xcdatamodel */ = {isa = PBXFileReference; lastKnownFileType = wrapper.xcdatamodel; path = PersistenceApp.xcdatamodel; sourceTree = "<group>"; };
		DABC142A1CCEAB160076F8FE /* BlocSpot.h */ = {isa = PBXFileReference; fileEncoding = 4; lastKnownFileType = sourcecode.c.h; path = BlocSpot.h; sourceTree = SOURCE_ROOT; };
		DABC142B1CCEAB160076F8FE /* BlocSpot.m */ = {isa = PBXFileReference; fileEncoding = 4; lastKnownFileType = sourcecode.c.objc; path = BlocSpot.m; sourceTree = SOURCE_ROOT; };
		DABC142E1CD0363A0076F8FE /* BlocSpot.entitlements */ = {isa = PBXFileReference; lastKnownFileType = text.xml; path = BlocSpot.entitlements; sourceTree = "<group>"; };
		DABC142F1CD037420076F8FE /* CloudKit.framework */ = {isa = PBXFileReference; lastKnownFileType = wrapper.framework; name = CloudKit.framework; path = System/Library/Frameworks/CloudKit.framework; sourceTree = SDKROOT; };
		DAE8E8CB1C9A2E8500DD34F2 /* BlocSpot.app */ = {isa = PBXFileReference; explicitFileType = wrapper.application; includeInIndex = 0; path = BlocSpot.app; sourceTree = BUILT_PRODUCTS_DIR; };
		DAE8E8CF1C9A2E8500DD34F2 /* main.m */ = {isa = PBXFileReference; lastKnownFileType = sourcecode.c.objc; path = main.m; sourceTree = "<group>"; };
		DAE8E8D11C9A2E8500DD34F2 /* AppDelegate.h */ = {isa = PBXFileReference; lastKnownFileType = sourcecode.c.h; path = AppDelegate.h; sourceTree = "<group>"; };
		DAE8E8D21C9A2E8500DD34F2 /* AppDelegate.m */ = {isa = PBXFileReference; lastKnownFileType = sourcecode.c.objc; path = AppDelegate.m; sourceTree = "<group>"; };
		DAE8E8D81C9A2E8500DD34F2 /* Base */ = {isa = PBXFileReference; lastKnownFileType = file.storyboard; name = Base; path = Base.lproj/Main.storyboard; sourceTree = "<group>"; };
		DAE8E8DA1C9A2E8500DD34F2 /* Assets.xcassets */ = {isa = PBXFileReference; lastKnownFileType = folder.assetcatalog; path = Assets.xcassets; sourceTree = "<group>"; };
		DAE8E8DD1C9A2E8500DD34F2 /* Base */ = {isa = PBXFileReference; lastKnownFileType = file.storyboard; name = Base; path = Base.lproj/LaunchScreen.storyboard; sourceTree = "<group>"; };
		DAE8E8DF1C9A2E8500DD34F2 /* Info.plist */ = {isa = PBXFileReference; lastKnownFileType = text.plist.xml; path = Info.plist; sourceTree = "<group>"; };
		DAE8E8E41C9A2E8500DD34F2 /* BlocSpotTests.xctest */ = {isa = PBXFileReference; explicitFileType = wrapper.cfbundle; includeInIndex = 0; path = BlocSpotTests.xctest; sourceTree = BUILT_PRODUCTS_DIR; };
		DAE8E8E81C9A2E8500DD34F2 /* BlocSpotTests.m */ = {isa = PBXFileReference; lastKnownFileType = sourcecode.c.objc; path = BlocSpotTests.m; sourceTree = "<group>"; };
		DAE8E8EA1C9A2E8500DD34F2 /* Info.plist */ = {isa = PBXFileReference; lastKnownFileType = text.plist.xml; path = Info.plist; sourceTree = "<group>"; };
		DAE8E8F31C9A313900DD34F2 /* MapKit.framework */ = {isa = PBXFileReference; lastKnownFileType = wrapper.framework; name = MapKit.framework; path = System/Library/Frameworks/MapKit.framework; sourceTree = SDKROOT; };
/* End PBXFileReference section */

/* Begin PBXFrameworksBuildPhase section */
		DAE8E8C81C9A2E8500DD34F2 /* Frameworks */ = {
			isa = PBXFrameworksBuildPhase;
			buildActionMask = 2147483647;
			files = (
				DABC14301CD037420076F8FE /* CloudKit.framework in Frameworks */,
				DA4345651CC415EC00DDA8DE /* CoreData.framework in Frameworks */,
				DAE8E8F41C9A313900DD34F2 /* MapKit.framework in Frameworks */,
			);
			runOnlyForDeploymentPostprocessing = 0;
		};
		DAE8E8E11C9A2E8500DD34F2 /* Frameworks */ = {
			isa = PBXFrameworksBuildPhase;
			buildActionMask = 2147483647;
			files = (
			);
			runOnlyForDeploymentPostprocessing = 0;
		};
/* End PBXFrameworksBuildPhase section */

/* Begin PBXGroup section */
		DA0E3C321CE011DB0089CDE4 /* ViewControllers */ = {
			isa = PBXGroup;
			children = (
				DA43455B1CC3004300DDA8DE /* SavedLocationsTableViewController.h */,
				DA43455C1CC3004300DDA8DE /* SavedLocationsTableViewController.m */,
				DAA301CC1CB34E8D002713D7 /* ListOfSearchResultsController.h */,
				DAA301CD1CB34E8D002713D7 /* ListOfSearchResultsController.m */,
				DA4345551CC0853F00DDA8DE /* PoiDetailController.h */,
				DA4345561CC0853F00DDA8DE /* PoiDetailController.m */,
				DA0E3C291CDE81050089CDE4 /* CategoryViewController.h */,
				DA0E3C2A1CDE81050089CDE4 /* CategoryViewController.m */,
				DA4345581CC2FEAF00DDA8DE /* NavigationController.h */,
				DA4345591CC2FEAF00DDA8DE /* NavigationController.m */,
				DA86637D1CA4BBE000E19209 /* MapViewController.h */,
				DA86637E1CA4BBE000E19209 /* MapViewController.m */,
			);
			name = ViewControllers;
			sourceTree = "<group>";
		};
		DAE8E8C21C9A2E8400DD34F2 = {
			isa = PBXGroup;
			children = (
				DABC142F1CD037420076F8FE /* CloudKit.framework */,
				DA4345641CC415EC00DDA8DE /* CoreData.framework */,
				DAE8E8F31C9A313900DD34F2 /* MapKit.framework */,
				DAE8E8CD1C9A2E8500DD34F2 /* BlocSpot */,
				DAE8E8CC1C9A2E8500DD34F2 /* Products */,
			);
			sourceTree = "<group>";
		};
		DAE8E8CC1C9A2E8500DD34F2 /* Products */ = {
			isa = PBXGroup;
			children = (
				DAE8E8CB1C9A2E8500DD34F2 /* BlocSpot.app */,
				DAE8E8E41C9A2E8500DD34F2 /* BlocSpotTests.xctest */,
			);
			name = Products;
			sourceTree = "<group>";
		};
		DAE8E8CD1C9A2E8500DD34F2 /* BlocSpot */ = {
			isa = PBXGroup;
			children = (
				DABC142E1CD0363A0076F8FE /* BlocSpot.entitlements */,
				DA0E3C321CE011DB0089CDE4 /* ViewControllers */,
				DAE8E8D11C9A2E8500DD34F2 /* AppDelegate.h */,
				DAE8E8D21C9A2E8500DD34F2 /* AppDelegate.m */,
				DA03B8331CF5418800BA8F7C /* UIColor+String.h */,
				DA03B8341CF5418800BA8F7C /* UIColor+String.m */,
				DA0E3C2C1CDE85480089CDE4 /* CategoryTableViewCell.h */,
				DA0E3C2D1CDE85480089CDE4 /* CategoryTableViewCell.m */,
				DA4345611CC412F800DDA8DE /* TWCoreDataStack.h */,
				DA4345621CC412F800DDA8DE /* TWCoreDataStack.m */,
				DA43455E1CC3041E00DDA8DE /* SavedLocationsTableViewCell.h */,
				DA43455F1CC3041E00DDA8DE /* SavedLocationsTableViewCell.m */,
				DAA301CF1CB35312002713D7 /* SearchResultsTableViewCell.h */,
				DAA301D01CB35312002713D7 /* SearchResultsTableViewCell.m */,
				DA0856B71CD2FE0000070D6B /* POICategory+CoreDataProperties.h */,
				DA0856B81CD2FE0000070D6B /* POICategory+CoreDataProperties.m */,
				DA0856B91CD2FE0000070D6B /* POICategory.h */,
				DA0856BA1CD2FE0000070D6B /* POICategory.m */,
				DA0856B51CD2FE0000070D6B /* BlocSpot+CoreDataProperties.h */,
				DA0856B61CD2FE0000070D6B /* BlocSpot+CoreDataProperties.m */,
				DABC142A1CCEAB160076F8FE /* BlocSpot.h */,
				DABC142B1CCEAB160076F8FE /* BlocSpot.m */,
				DA9D4BC01CA0D79700B33688 /* MapSearch.h */,
				DA9D4BC11CA0D79700B33688 /* MapSearch.m */,
				DAE8E8D71C9A2E8500DD34F2 /* Main.storyboard */,
				DABC14251CCEA31E0076F8FE /* PersistenceApp.xcdatamodeld */,
				DAE8E8DA1C9A2E8500DD34F2 /* Assets.xcassets */,
				DAE8E8DC1C9A2E8500DD34F2 /* LaunchScreen.storyboard */,
				DAE8E8E71C9A2E8500DD34F2 /* BlocSpotTests */,
				DAE8E8DF1C9A2E8500DD34F2 /* Info.plist */,
				DA253B301CA6E3E000080B87 /* LocationTableViewController.xib */,
				DAE8E8CE1C9A2E8500DD34F2 /* Supporting Files */,
			);
			path = BlocSpot;
			sourceTree = "<group>";
		};
		DAE8E8CE1C9A2E8500DD34F2 /* Supporting Files */ = {
			isa = PBXGroup;
			children = (
				DAE8E8CF1C9A2E8500DD34F2 /* main.m */,
			);
			name = "Supporting Files";
			sourceTree = "<group>";
		};
		DAE8E8E71C9A2E8500DD34F2 /* BlocSpotTests */ = {
			isa = PBXGroup;
			children = (
				DAE8E8E81C9A2E8500DD34F2 /* BlocSpotTests.m */,
				DAE8E8EA1C9A2E8500DD34F2 /* Info.plist */,
			);
			path = BlocSpotTests;
			sourceTree = SOURCE_ROOT;
		};
/* End PBXGroup section */

/* Begin PBXNativeTarget section */
		DAE8E8CA1C9A2E8500DD34F2 /* BlocSpot */ = {
			isa = PBXNativeTarget;
			buildConfigurationList = DAE8E8ED1C9A2E8500DD34F2 /* Build configuration list for PBXNativeTarget "BlocSpot" */;
			buildPhases = (
				DAE8E8C71C9A2E8500DD34F2 /* Sources */,
				DAE8E8C81C9A2E8500DD34F2 /* Frameworks */,
				DAE8E8C91C9A2E8500DD34F2 /* Resources */,
			);
			buildRules = (
			);
			dependencies = (
			);
			name = BlocSpot;
			productName = BlocSpot;
			productReference = DAE8E8CB1C9A2E8500DD34F2 /* BlocSpot.app */;
			productType = "com.apple.product-type.application";
		};
		DAE8E8E31C9A2E8500DD34F2 /* BlocSpotTests */ = {
			isa = PBXNativeTarget;
			buildConfigurationList = DAE8E8F01C9A2E8500DD34F2 /* Build configuration list for PBXNativeTarget "BlocSpotTests" */;
			buildPhases = (
				DAE8E8E01C9A2E8500DD34F2 /* Sources */,
				DAE8E8E11C9A2E8500DD34F2 /* Frameworks */,
				DAE8E8E21C9A2E8500DD34F2 /* Resources */,
			);
			buildRules = (
			);
			dependencies = (
				DAE8E8E61C9A2E8500DD34F2 /* PBXTargetDependency */,
			);
			name = BlocSpotTests;
			productName = BlocSpotTests;
			productReference = DAE8E8E41C9A2E8500DD34F2 /* BlocSpotTests.xctest */;
			productType = "com.apple.product-type.bundle.unit-test";
		};
/* End PBXNativeTarget section */

/* Begin PBXProject section */
		DAE8E8C31C9A2E8400DD34F2 /* Project object */ = {
			isa = PBXProject;
			attributes = {
				LastUpgradeCheck = 0720;
				ORGANIZATIONNAME = Bloc;
				TargetAttributes = {
					DAE8E8CA1C9A2E8500DD34F2 = {
						CreatedOnToolsVersion = 7.2;
						DevelopmentTeam = SQV79M6VZF;
						SystemCapabilities = {
							com.apple.BackgroundModes = {
								enabled = 1;
							};
							com.apple.Maps.iOS = {
								enabled = 1;
							};
							com.apple.iCloud = {
								enabled = 1;
							};
						};
					};
					DAE8E8E31C9A2E8500DD34F2 = {
						CreatedOnToolsVersion = 7.2;
						TestTargetID = DAE8E8CA1C9A2E8500DD34F2;
					};
				};
			};
			buildConfigurationList = DAE8E8C61C9A2E8400DD34F2 /* Build configuration list for PBXProject "BlocSpot" */;
			compatibilityVersion = "Xcode 3.2";
			developmentRegion = English;
			hasScannedForEncodings = 0;
			knownRegions = (
				en,
				Base,
			);
			mainGroup = DAE8E8C21C9A2E8400DD34F2;
			productRefGroup = DAE8E8CC1C9A2E8500DD34F2 /* Products */;
			projectDirPath = "";
			projectRoot = "";
			targets = (
				DAE8E8CA1C9A2E8500DD34F2 /* BlocSpot */,
				DAE8E8E31C9A2E8500DD34F2 /* BlocSpotTests */,
			);
		};
/* End PBXProject section */

/* Begin PBXResourcesBuildPhase section */
		DAE8E8C91C9A2E8500DD34F2 /* Resources */ = {
			isa = PBXResourcesBuildPhase;
			buildActionMask = 2147483647;
			files = (
				DA253B321CA6E3E000080B87 /* LocationTableViewController.xib in Resources */,
				DAE8E8DE1C9A2E8500DD34F2 /* LaunchScreen.storyboard in Resources */,
				DAE8E8DB1C9A2E8500DD34F2 /* Assets.xcassets in Resources */,
				DAE8E8D91C9A2E8500DD34F2 /* Main.storyboard in Resources */,
			);
			runOnlyForDeploymentPostprocessing = 0;
		};
		DAE8E8E21C9A2E8500DD34F2 /* Resources */ = {
			isa = PBXResourcesBuildPhase;
			buildActionMask = 2147483647;
			files = (
			);
			runOnlyForDeploymentPostprocessing = 0;
		};
/* End PBXResourcesBuildPhase section */

/* Begin PBXSourcesBuildPhase section */
		DAE8E8C71C9A2E8500DD34F2 /* Sources */ = {
			isa = PBXSourcesBuildPhase;
			buildActionMask = 2147483647;
			files = (
				DA0856BC1CD2FE0000070D6B /* POICategory+CoreDataProperties.m in Sources */,
				DAE8E8D31C9A2E8500DD34F2 /* AppDelegate.m in Sources */,
				DA03B8351CF5418800BA8F7C /* UIColor+String.m in Sources */,
				DABC142D1CCEAB160076F8FE /* BlocSpot.m in Sources */,
				DA9D4BC21CA0D79700B33688 /* MapSearch.m in Sources */,
				DABC14271CCEA31E0076F8FE /* PersistenceApp.xcdatamodeld in Sources */,
				DAE8E8D01C9A2E8500DD34F2 /* main.m in Sources */,
				DA4345631CC412F800DDA8DE /* TWCoreDataStack.m in Sources */,
				DAA301CE1CB34E8D002713D7 /* ListOfSearchResultsController.m in Sources */,
				DA0856BD1CD2FE0000070D6B /* POICategory.m in Sources */,
				DA0E3C2B1CDE81050089CDE4 /* CategoryViewController.m in Sources */,
				DA4345601CC3041E00DDA8DE /* SavedLocationsTableViewCell.m in Sources */,
				DA4345571CC0853F00DDA8DE /* PoiDetailController.m in Sources */,
				DA43455A1CC2FEAF00DDA8DE /* NavigationController.m in Sources */,
				DA0E3C2E1CDE85480089CDE4 /* CategoryTableViewCell.m in Sources */,
				DA86637F1CA4BBE000E19209 /* MapViewController.m in Sources */,
				DA0856BB1CD2FE0000070D6B /* BlocSpot+CoreDataProperties.m in Sources */,
				DAA301D11CB35312002713D7 /* SearchResultsTableViewCell.m in Sources */,
				DA43455D1CC3004300DDA8DE /* SavedLocationsTableViewController.m in Sources */,
			);
			runOnlyForDeploymentPostprocessing = 0;
		};
		DAE8E8E01C9A2E8500DD34F2 /* Sources */ = {
			isa = PBXSourcesBuildPhase;
			buildActionMask = 2147483647;
			files = (
				DAE8E8E91C9A2E8500DD34F2 /* BlocSpotTests.m in Sources */,
			);
			runOnlyForDeploymentPostprocessing = 0;
		};
/* End PBXSourcesBuildPhase section */

/* Begin PBXTargetDependency section */
		DAE8E8E61C9A2E8500DD34F2 /* PBXTargetDependency */ = {
			isa = PBXTargetDependency;
			target = DAE8E8CA1C9A2E8500DD34F2 /* BlocSpot */;
			targetProxy = DAE8E8E51C9A2E8500DD34F2 /* PBXContainerItemProxy */;
		};
/* End PBXTargetDependency section */

/* Begin PBXVariantGroup section */
		DAE8E8D71C9A2E8500DD34F2 /* Main.storyboard */ = {
			isa = PBXVariantGroup;
			children = (
				DAE8E8D81C9A2E8500DD34F2 /* Base */,
			);
			name = Main.storyboard;
			sourceTree = "<group>";
		};
		DAE8E8DC1C9A2E8500DD34F2 /* LaunchScreen.storyboard */ = {
			isa = PBXVariantGroup;
			children = (
				DAE8E8DD1C9A2E8500DD34F2 /* Base */,
			);
			name = LaunchScreen.storyboard;
			sourceTree = "<group>";
		};
/* End PBXVariantGroup section */

/* Begin XCBuildConfiguration section */
		DAE8E8EB1C9A2E8500DD34F2 /* Debug */ = {
			isa = XCBuildConfiguration;
			buildSettings = {
				ALWAYS_SEARCH_USER_PATHS = NO;
				CLANG_CXX_LANGUAGE_STANDARD = "gnu++0x";
				CLANG_CXX_LIBRARY = "libc++";
				CLANG_ENABLE_MODULES = YES;
				CLANG_ENABLE_OBJC_ARC = YES;
				CLANG_WARN_BOOL_CONVERSION = YES;
				CLANG_WARN_CONSTANT_CONVERSION = YES;
				CLANG_WARN_DIRECT_OBJC_ISA_USAGE = YES_ERROR;
				CLANG_WARN_EMPTY_BODY = YES;
				CLANG_WARN_ENUM_CONVERSION = YES;
				CLANG_WARN_INT_CONVERSION = YES;
				CLANG_WARN_OBJC_ROOT_CLASS = YES_ERROR;
				CLANG_WARN_UNREACHABLE_CODE = YES;
				CLANG_WARN__DUPLICATE_METHOD_MATCH = YES;
				"CODE_SIGN_IDENTITY[sdk=iphoneos*]" = "iPhone Developer";
				COPY_PHASE_STRIP = NO;
				DEBUG_INFORMATION_FORMAT = dwarf;
				ENABLE_STRICT_OBJC_MSGSEND = YES;
				ENABLE_TESTABILITY = YES;
				GCC_C_LANGUAGE_STANDARD = gnu99;
				GCC_DYNAMIC_NO_PIC = NO;
				GCC_NO_COMMON_BLOCKS = YES;
				GCC_OPTIMIZATION_LEVEL = 0;
				GCC_PREPROCESSOR_DEFINITIONS = (
					"DEBUG=1",
					"$(inherited)",
				);
				GCC_WARN_64_TO_32_BIT_CONVERSION = YES;
				GCC_WARN_ABOUT_RETURN_TYPE = YES_ERROR;
				GCC_WARN_UNDECLARED_SELECTOR = YES;
				GCC_WARN_UNINITIALIZED_AUTOS = YES_AGGRESSIVE;
				GCC_WARN_UNUSED_FUNCTION = YES;
				GCC_WARN_UNUSED_VARIABLE = YES;
				IPHONEOS_DEPLOYMENT_TARGET = 9.2;
				MTL_ENABLE_DEBUG_INFO = YES;
				ONLY_ACTIVE_ARCH = YES;
				SDKROOT = iphoneos;
			};
			name = Debug;
		};
		DAE8E8EC1C9A2E8500DD34F2 /* Release */ = {
			isa = XCBuildConfiguration;
			buildSettings = {
				ALWAYS_SEARCH_USER_PATHS = NO;
				CLANG_CXX_LANGUAGE_STANDARD = "gnu++0x";
				CLANG_CXX_LIBRARY = "libc++";
				CLANG_ENABLE_MODULES = YES;
				CLANG_ENABLE_OBJC_ARC = YES;
				CLANG_WARN_BOOL_CONVERSION = YES;
				CLANG_WARN_CONSTANT_CONVERSION = YES;
				CLANG_WARN_DIRECT_OBJC_ISA_USAGE = YES_ERROR;
				CLANG_WARN_EMPTY_BODY = YES;
				CLANG_WARN_ENUM_CONVERSION = YES;
				CLANG_WARN_INT_CONVERSION = YES;
				CLANG_WARN_OBJC_ROOT_CLASS = YES_ERROR;
				CLANG_WARN_UNREACHABLE_CODE = YES;
				CLANG_WARN__DUPLICATE_METHOD_MATCH = YES;
				"CODE_SIGN_IDENTITY[sdk=iphoneos*]" = "iPhone Developer";
				COPY_PHASE_STRIP = NO;
				DEBUG_INFORMATION_FORMAT = "dwarf-with-dsym";
				ENABLE_NS_ASSERTIONS = NO;
				ENABLE_STRICT_OBJC_MSGSEND = YES;
				GCC_C_LANGUAGE_STANDARD = gnu99;
				GCC_NO_COMMON_BLOCKS = YES;
				GCC_WARN_64_TO_32_BIT_CONVERSION = YES;
				GCC_WARN_ABOUT_RETURN_TYPE = YES_ERROR;
				GCC_WARN_UNDECLARED_SELECTOR = YES;
				GCC_WARN_UNINITIALIZED_AUTOS = YES_AGGRESSIVE;
				GCC_WARN_UNUSED_FUNCTION = YES;
				GCC_WARN_UNUSED_VARIABLE = YES;
				IPHONEOS_DEPLOYMENT_TARGET = 9.2;
				MTL_ENABLE_DEBUG_INFO = NO;
				SDKROOT = iphoneos;
				VALIDATE_PRODUCT = YES;
			};
			name = Release;
		};
		DAE8E8EE1C9A2E8500DD34F2 /* Debug */ = {
			isa = XCBuildConfiguration;
			buildSettings = {
				ASSETCATALOG_COMPILER_APPICON_NAME = AppIcon;
				CODE_SIGN_ENTITLEMENTS = BlocSpot/BlocSpot.entitlements;
				INFOPLIST_FILE = BlocSpot/Info.plist;
				LD_RUNPATH_SEARCH_PATHS = "$(inherited) @executable_path/Frameworks";
				PRODUCT_BUNDLE_IDENTIFIER = com.Bloc.BlocSpot;
				PRODUCT_NAME = "$(TARGET_NAME)";
			};
			name = Debug;
		};
		DAE8E8EF1C9A2E8500DD34F2 /* Release */ = {
			isa = XCBuildConfiguration;
			buildSettings = {
				ASSETCATALOG_COMPILER_APPICON_NAME = AppIcon;
				CODE_SIGN_ENTITLEMENTS = BlocSpot/BlocSpot.entitlements;
				INFOPLIST_FILE = BlocSpot/Info.plist;
				LD_RUNPATH_SEARCH_PATHS = "$(inherited) @executable_path/Frameworks";
				PRODUCT_BUNDLE_IDENTIFIER = com.Bloc.BlocSpot;
				PRODUCT_NAME = "$(TARGET_NAME)";
			};
			name = Release;
		};
		DAE8E8F11C9A2E8500DD34F2 /* Debug */ = {
			isa = XCBuildConfiguration;
			buildSettings = {
				BUNDLE_LOADER = "$(TEST_HOST)";
				INFOPLIST_FILE = BlocSpotTests/Info.plist;
				LD_RUNPATH_SEARCH_PATHS = "$(inherited) @executable_path/Frameworks @loader_path/Frameworks";
				PRODUCT_BUNDLE_IDENTIFIER = com.Bloc.BlocSpotTests;
				PRODUCT_NAME = "$(TARGET_NAME)";
				TEST_HOST = "$(BUILT_PRODUCTS_DIR)/BlocSpot.app/BlocSpot";
			};
			name = Debug;
		};
		DAE8E8F21C9A2E8500DD34F2 /* Release */ = {
			isa = XCBuildConfiguration;
			buildSettings = {
				BUNDLE_LOADER = "$(TEST_HOST)";
				INFOPLIST_FILE = BlocSpotTests/Info.plist;
				LD_RUNPATH_SEARCH_PATHS = "$(inherited) @executable_path/Frameworks @loader_path/Frameworks";
				PRODUCT_BUNDLE_IDENTIFIER = com.Bloc.BlocSpotTests;
				PRODUCT_NAME = "$(TARGET_NAME)";
				TEST_HOST = "$(BUILT_PRODUCTS_DIR)/BlocSpot.app/BlocSpot";
			};
			name = Release;
		};
/* End XCBuildConfiguration section */

/* Begin XCConfigurationList section */
		DAE8E8C61C9A2E8400DD34F2 /* Build configuration list for PBXProject "BlocSpot" */ = {
			isa = XCConfigurationList;
			buildConfigurations = (
				DAE8E8EB1C9A2E8500DD34F2 /* Debug */,
				DAE8E8EC1C9A2E8500DD34F2 /* Release */,
			);
			defaultConfigurationIsVisible = 0;
			defaultConfigurationName = Release;
		};
		DAE8E8ED1C9A2E8500DD34F2 /* Build configuration list for PBXNativeTarget "BlocSpot" */ = {
			isa = XCConfigurationList;
			buildConfigurations = (
				DAE8E8EE1C9A2E8500DD34F2 /* Debug */,
				DAE8E8EF1C9A2E8500DD34F2 /* Release */,
			);
			defaultConfigurationIsVisible = 0;
			defaultConfigurationName = Release;
		};
		DAE8E8F01C9A2E8500DD34F2 /* Build configuration list for PBXNativeTarget "BlocSpotTests" */ = {
			isa = XCConfigurationList;
			buildConfigurations = (
				DAE8E8F11C9A2E8500DD34F2 /* Debug */,
				DAE8E8F21C9A2E8500DD34F2 /* Release */,
			);
			defaultConfigurationIsVisible = 0;
			defaultConfigurationName = Release;
		};
/* End XCConfigurationList section */

/* Begin XCVersionGroup section */
		DABC14251CCEA31E0076F8FE /* PersistenceApp.xcdatamodeld */ = {
			isa = XCVersionGroup;
			children = (
				DABC14261CCEA31E0076F8FE /* PersistenceApp.xcdatamodel */,
			);
			currentVersion = DABC14261CCEA31E0076F8FE /* PersistenceApp.xcdatamodel */;
			path = PersistenceApp.xcdatamodeld;
			sourceTree = "<group>";
			versionGroupType = wrapper.xcdatamodel;
		};
/* End XCVersionGroup section */
	};
	rootObject = DAE8E8C31C9A2E8400DD34F2 /* Project object */;
}
